{
  "lockfileVersion": 1,
  "workspaces": {
    "": {
      "name": "address-validation-api",
      "dependencies": {
        "@modelcontextprotocol/sdk": "^1.10.2",
        "cloudflare": "^4.2.0",
        "hono": "^4.7.7",
        "jszip": "^3.10.1",
        "sst": "^3.13.17",
        "uuid": "^11.1.0",
        "zod": "^3.24.2",
        "zod-to-json-schema": "^3.22.5",
      },
      "devDependencies": {
        "@biomejs/biome": "^1.9.4",
        "@cloudflare/workers-types": "^4.20250424.0",
        "@types/bun": "latest",
        "@types/node": "^22.14.0",
        "@types/uuid": "^9.0.8",
      },
      "peerDependencies": {
        "typescript": "^5.8.3",
      },
    },
  },
  "packages": {
    "@biomejs/biome": ["@biomejs/biome@1.9.4", "", { "optionalDependencies": { "@biomejs/cli-darwin-arm64": "1.9.4", "@biomejs/cli-darwin-x64": "1.9.4", "@biomejs/cli-linux-arm64": "1.9.4", "@biomejs/cli-linux-arm64-musl": "1.9.4", "@biomejs/cli-linux-x64": "1.9.4", "@biomejs/cli-linux-x64-musl": "1.9.4", "@biomejs/cli-win32-arm64": "1.9.4", "@biomejs/cli-win32-x64": "1.9.4" }, "bin": { "biome": "bin/biome" } }, "sha512-1rkd7G70+o9KkTn5KLmDYXihGoTaIGO9PIIN2ZB7UJxFrWw04CZHPYiMRjYsaDvVV7hP1dYNRLxSANLaBFGpog=="],

    "@biomejs/cli-darwin-arm64": ["@biomejs/cli-darwin-arm64@1.9.4", "", { "os": "darwin", "cpu": "arm64" }, "sha512-bFBsPWrNvkdKrNCYeAp+xo2HecOGPAy9WyNyB/jKnnedgzl4W4Hb9ZMzYNbf8dMCGmUdSavlYHiR01QaYR58cw=="],

    "@biomejs/cli-darwin-x64": ["@biomejs/cli-darwin-x64@1.9.4", "", { "os": "darwin", "cpu": "x64" }, "sha512-ngYBh/+bEedqkSevPVhLP4QfVPCpb+4BBe2p7Xs32dBgs7rh9nY2AIYUL6BgLw1JVXV8GlpKmb/hNiuIxfPfZg=="],

    "@biomejs/cli-linux-arm64": ["@biomejs/cli-linux-arm64@1.9.4", "", { "os": "linux", "cpu": "arm64" }, "sha512-fJIW0+LYujdjUgJJuwesP4EjIBl/N/TcOX3IvIHJQNsAqvV2CHIogsmA94BPG6jZATS4Hi+xv4SkBBQSt1N4/g=="],

    "@biomejs/cli-linux-arm64-musl": ["@biomejs/cli-linux-arm64-musl@1.9.4", "", { "os": "linux", "cpu": "arm64" }, "sha512-v665Ct9WCRjGa8+kTr0CzApU0+XXtRgwmzIf1SeKSGAv+2scAlW6JR5PMFo6FzqqZ64Po79cKODKf3/AAmECqA=="],

    "@biomejs/cli-linux-x64": ["@biomejs/cli-linux-x64@1.9.4", "", { "os": "linux", "cpu": "x64" }, "sha512-lRCJv/Vi3Vlwmbd6K+oQ0KhLHMAysN8lXoCI7XeHlxaajk06u7G+UsFSO01NAs5iYuWKmVZjmiOzJ0OJmGsMwg=="],

    "@biomejs/cli-linux-x64-musl": ["@biomejs/cli-linux-x64-musl@1.9.4", "", { "os": "linux", "cpu": "x64" }, "sha512-gEhi/jSBhZ2m6wjV530Yy8+fNqG8PAinM3oV7CyO+6c3CEh16Eizm21uHVsyVBEB6RIM8JHIl6AGYCv6Q6Q9Tg=="],

    "@biomejs/cli-win32-arm64": ["@biomejs/cli-win32-arm64@1.9.4", "", { "os": "win32", "cpu": "arm64" }, "sha512-tlbhLk+WXZmgwoIKwHIHEBZUwxml7bRJgk0X2sPyNR3S93cdRq6XulAZRQJ17FYGGzWne0fgrXBKpl7l4M87Hg=="],

    "@biomejs/cli-win32-x64": ["@biomejs/cli-win32-x64@1.9.4", "", { "os": "win32", "cpu": "x64" }, "sha512-8Y5wMhVIPaWe6jw2H+KlEm4wP/f7EW3810ZLmDlrEEy5KvBsb9ECEfu/kMWD484ijfQ8+nIi0giMgu9g1UAuuA=="],

    "@cloudflare/workers-types": ["@cloudflare/workers-types@4.20250424.0", "", {}, ""],

    "@modelcontextprotocol/sdk": ["@modelcontextprotocol/sdk@1.10.2", "", { "dependencies": { "content-type": "^1.0.5", "cors": "^2.8.5", "cross-spawn": "^7.0.3", "eventsource": "^3.0.2", "express": "^5.0.1", "express-rate-limit": "^7.5.0", "pkce-challenge": "^5.0.0", "raw-body": "^3.0.0", "zod": "^3.23.8", "zod-to-json-schema": "^3.24.1" } }, "sha512-rb6AMp2DR4SN+kc6L1ta2NCpApyA9WYNx3CrTSZvGxq9wH71bRur+zRqPfg0vQ9mjywR7qZdX2RGHOPq3ss+tA=="],

    "@tsconfig/bun": ["@tsconfig/bun@1.0.7", "", {}, ""],

    "@types/bun": ["@types/bun@1.2.10", "", { "dependencies": { "bun-types": "1.2.10" } }, "sha512-eilv6WFM3M0c9ztJt7/g80BDusK98z/FrFwseZgT4bXCq2vPhXD4z8R3oddmAn+R/Nmz9vBn4kweJKmGTZj+lg=="],

    "@types/node": ["@types/node@22.14.1", "", { "dependencies": { "undici-types": "~6.21.0" } }, ""],

    "@types/node-fetch": ["@types/node-fetch@2.6.12", "", { "dependencies": { "@types/node": "*", "form-data": "^4.0.0" } }, "sha512-8nneRWKCg3rMtF69nLQJnOYUcbafYeFSjqkw3jCRLsqkWFlHaoQrr5mXmofFGOx3DKn7UfmBMyov8ySvLRVldA=="],

    "@types/uuid": ["@types/uuid@9.0.8", "", {}, "sha512-jg+97EGIcY9AGHJJRaaPVgetKDsrTgbRjQ5Msgjh/DQKEFl0DtyRr/VCOyD1T2R1MNeWPK/u7JoGhlDZnKBAfA=="],

    "abort-controller": ["abort-controller@3.0.0", "", { "dependencies": { "event-target-shim": "^5.0.0" } }, "sha512-h8lQ8tacZYnR3vNQTgibj+tODHI5/+l06Au2Pcriv/Gmet0eaj4TwWH41sO9wnHDiQsEj19q0drzdWdeAHtweg=="],

    "accepts": ["accepts@2.0.0", "", { "dependencies": { "mime-types": "^3.0.0", "negotiator": "^1.0.0" } }, ""],

    "agentkeepalive": ["agentkeepalive@4.6.0", "", { "dependencies": { "humanize-ms": "^1.2.1" } }, "sha512-kja8j7PjmncONqaTsB8fQ+wE2mSU2DJ9D4XKoJ5PFWIdRMa6SLSN1ff4mOr4jCbfRSsxR4keIiySJU0N9T5hIQ=="],

    "asynckit": ["asynckit@0.4.0", "", {}, "sha512-Oei9OH4tRh0YqU3GxhX79dM/mwVgvbZJaSNaRk+bshkj0S5cfHcgYakreBjrHwatXKbz+IoIdYLxrKim2MjW0Q=="],

    "available-typed-arrays": ["available-typed-arrays@1.0.7", "", { "dependencies": { "possible-typed-array-names": "^1.0.0" } }, ""],

    "aws-sdk": ["aws-sdk@2.1692.0", "", { "dependencies": { "buffer": "4.9.2", "events": "1.1.1", "ieee754": "1.1.13", "jmespath": "0.16.0", "querystring": "0.2.0", "sax": "1.2.1", "url": "0.10.3", "util": "^0.12.4", "uuid": "8.0.0", "xml2js": "0.6.2" } }, ""],

    "aws4fetch": ["aws4fetch@1.0.18", "", {}, ""],

    "base64-js": ["base64-js@1.5.1", "", {}, ""],

    "body-parser": ["body-parser@2.2.0", "", { "dependencies": { "bytes": "^3.1.2", "content-type": "^1.0.5", "debug": "^4.4.0", "http-errors": "^2.0.0", "iconv-lite": "^0.6.3", "on-finished": "^2.4.1", "qs": "^6.14.0", "raw-body": "^3.0.0", "type-is": "^2.0.0" } }, ""],

    "buffer": ["buffer@4.9.2", "", { "dependencies": { "base64-js": "^1.0.2", "ieee754": "^1.1.4", "isarray": "^1.0.0" } }, ""],

    "bun-types": ["bun-types@1.2.10", "", { "dependencies": { "@types/node": "*" } }, ""],

    "bytes": ["bytes@3.1.2", "", {}, ""],

    "call-bind": ["call-bind@1.0.8", "", { "dependencies": { "call-bind-apply-helpers": "^1.0.0", "es-define-property": "^1.0.0", "get-intrinsic": "^1.2.4", "set-function-length": "^1.2.2" } }, ""],

    "call-bind-apply-helpers": ["call-bind-apply-helpers@1.0.2", "", { "dependencies": { "es-errors": "^1.3.0", "function-bind": "^1.1.2" } }, ""],

    "call-bound": ["call-bound@1.0.4", "", { "dependencies": { "call-bind-apply-helpers": "^1.0.2", "get-intrinsic": "^1.3.0" } }, ""],

    "cloudflare": ["cloudflare@4.2.0", "", { "dependencies": { "@types/node": "^18.11.18", "@types/node-fetch": "^2.6.4", "abort-controller": "^3.0.0", "agentkeepalive": "^4.2.1", "form-data-encoder": "1.7.2", "formdata-node": "^4.3.2", "node-fetch": "^2.6.7" } }, "sha512-L9IainZq+7PN3NG/Mg7T9oRm7SB7AskNe6QLD8j7FrJY+2Dn1qpeLqXF8Im04ANnssezf0KAOtSuxNAAyNEgkg=="],

    "combined-stream": ["combined-stream@1.0.8", "", { "dependencies": { "delayed-stream": "~1.0.0" } }, "sha512-FQN4MRfuJeHf7cBbBMJFXhKSDq+2kAArBlmRBvcvFE5BB1HZKXtSFASDhdlz9zOYwxh8lDdnvmMOe/+5cdoEdg=="],

    "content-disposition": ["content-disposition@1.0.0", "", { "dependencies": { "safe-buffer": "5.2.1" } }, ""],

    "content-type": ["content-type@1.0.5", "", {}, ""],

    "cookie": ["cookie@0.7.2", "", {}, ""],

    "cookie-signature": ["cookie-signature@1.2.2", "", {}, ""],

    "core-util-is": ["core-util-is@1.0.3", "", {}, "sha512-ZQBvi1DcpJ4GDqanjucZ2Hj3wEO5pZDS89BWbkcrvdxksJorwUDDZamX9ldFkp9aw2lmBDLgkObEA4DWNJ9FYQ=="],

    "cors": ["cors@2.8.5", "", { "dependencies": { "object-assign": "^4", "vary": "^1" } }, ""],

    "cross-spawn": ["cross-spawn@7.0.6", "", { "dependencies": { "path-key": "^3.1.0", "shebang-command": "^2.0.0", "which": "^2.0.1" } }, "sha512-uV2QOWP2nWzsy2aMp8aRibhi9dlzF5Hgh5SHaB9OiTGEyDTiJJyx0uy51QXdyWbtAHNua4XJzUKca3OzKUd3vA=="],

    "debug": ["debug@4.4.0", "", { "dependencies": { "ms": "^2.1.3" } }, ""],

    "define-data-property": ["define-data-property@1.1.4", "", { "dependencies": { "es-define-property": "^1.0.0", "es-errors": "^1.3.0", "gopd": "^1.0.1" } }, ""],

    "delayed-stream": ["delayed-stream@1.0.0", "", {}, "sha512-ZySD7Nf91aLB0RxL4KGrKHBXl7Eds1DAmEdcoVawXnLD7SDhpNgtuII2aAkg7a7QS41jxPSZ17p4VdGnMHk3MQ=="],

    "depd": ["depd@2.0.0", "", {}, ""],

    "dunder-proto": ["dunder-proto@1.0.1", "", { "dependencies": { "call-bind-apply-helpers": "^1.0.1", "es-errors": "^1.3.0", "gopd": "^1.2.0" } }, ""],

    "ee-first": ["ee-first@1.1.1", "", {}, ""],

    "encodeurl": ["encodeurl@2.0.0", "", {}, ""],

    "es-define-property": ["es-define-property@1.0.1", "", {}, ""],

    "es-errors": ["es-errors@1.3.0", "", {}, ""],

    "es-object-atoms": ["es-object-atoms@1.1.1", "", { "dependencies": { "es-errors": "^1.3.0" } }, ""],

    "es-set-tostringtag": ["es-set-tostringtag@2.1.0", "", { "dependencies": { "es-errors": "^1.3.0", "get-intrinsic": "^1.2.6", "has-tostringtag": "^1.0.2", "hasown": "^2.0.2" } }, "sha512-j6vWzfrGVfyXxge+O0x5sh6cvxAog0a/4Rdd2K36zCMV5eJ+/+tOAngRO8cODMNWbVRdVlmGZQL2YS3yR8bIUA=="],

    "escape-html": ["escape-html@1.0.3", "", {}, ""],

    "etag": ["etag@1.8.1", "", {}, ""],

    "event-target-shim": ["event-target-shim@5.0.1", "", {}, "sha512-i/2XbnSz/uxRCU6+NdVJgKWDTM427+MqYbkQzD321DuCQJUqOuJKIA0IM2+W2xtYHdKOmZ4dR6fExsd4SXL+WQ=="],

    "events": ["events@1.1.1", "", {}, ""],

    "eventsource": ["eventsource@3.0.6", "", { "dependencies": { "eventsource-parser": "^3.0.1" } }, ""],

    "eventsource-parser": ["eventsource-parser@3.0.1", "", {}, ""],

    "express": ["express@5.1.0", "", { "dependencies": { "accepts": "^2.0.0", "body-parser": "^2.2.0", "content-disposition": "^1.0.0", "content-type": "^1.0.5", "cookie": "^0.7.1", "cookie-signature": "^1.2.1", "debug": "^4.4.0", "encodeurl": "^2.0.0", "escape-html": "^1.0.3", "etag": "^1.8.1", "finalhandler": "^2.1.0", "fresh": "^2.0.0", "http-errors": "^2.0.0", "merge-descriptors": "^2.0.0", "mime-types": "^3.0.0", "on-finished": "^2.4.1", "once": "^1.4.0", "parseurl": "^1.3.3", "proxy-addr": "^2.0.7", "qs": "^6.14.0", "range-parser": "^1.2.1", "router": "^2.2.0", "send": "^1.1.0", "serve-static": "^2.2.0", "statuses": "^2.0.1", "type-is": "^2.0.1", "vary": "^1.1.2" } }, ""],

    "express-rate-limit": ["express-rate-limit@7.5.0", "", { "peerDependencies": { "express": "^4.11 || 5 || ^5.0.0-beta.1" } }, ""],

    "finalhandler": ["finalhandler@2.1.0", "", { "dependencies": { "debug": "^4.4.0", "encodeurl": "^2.0.0", "escape-html": "^1.0.3", "on-finished": "^2.4.1", "parseurl": "^1.3.3", "statuses": "^2.0.1" } }, ""],

    "for-each": ["for-each@0.3.5", "", { "dependencies": { "is-callable": "^1.2.7" } }, ""],

    "form-data": ["form-data@4.0.2", "", { "dependencies": { "asynckit": "^0.4.0", "combined-stream": "^1.0.8", "es-set-tostringtag": "^2.1.0", "mime-types": "^2.1.12" } }, "sha512-hGfm/slu0ZabnNt4oaRZ6uREyfCj6P4fT/n6A1rGV+Z0VdGXjfOhVUpkn6qVQONHGIFwmveGXyDs75+nr6FM8w=="],

    "form-data-encoder": ["form-data-encoder@1.7.2", "", {}, "sha512-qfqtYan3rxrnCk1VYaA4H+Ms9xdpPqvLZa6xmMgFvhO32x7/3J/ExcTd6qpxM0vH2GdMI+poehyBZvqfMTto8A=="],

    "formdata-node": ["formdata-node@4.4.1", "", { "dependencies": { "node-domexception": "1.0.0", "web-streams-polyfill": "4.0.0-beta.3" } }, "sha512-0iirZp3uVDjVGt9p49aTaqjk84TrglENEDuqfdlZQ1roC9CWlPk6Avf8EEnZNcAqPonwkG35x4n3ww/1THYAeQ=="],

    "forwarded": ["forwarded@0.2.0", "", {}, ""],

    "fresh": ["fresh@2.0.0", "", {}, ""],

    "function-bind": ["function-bind@1.1.2", "", {}, ""],

    "get-intrinsic": ["get-intrinsic@1.3.0", "", { "dependencies": { "call-bind-apply-helpers": "^1.0.2", "es-define-property": "^1.0.1", "es-errors": "^1.3.0", "es-object-atoms": "^1.1.1", "function-bind": "^1.1.2", "get-proto": "^1.0.1", "gopd": "^1.2.0", "has-symbols": "^1.1.0", "hasown": "^2.0.2", "math-intrinsics": "^1.1.0" } }, ""],

    "get-proto": ["get-proto@1.0.1", "", { "dependencies": { "dunder-proto": "^1.0.1", "es-object-atoms": "^1.0.0" } }, ""],

    "gopd": ["gopd@1.2.0", "", {}, ""],

    "has-property-descriptors": ["has-property-descriptors@1.0.2", "", { "dependencies": { "es-define-property": "^1.0.0" } }, ""],

    "has-symbols": ["has-symbols@1.1.0", "", {}, ""],

    "has-tostringtag": ["has-tostringtag@1.0.2", "", { "dependencies": { "has-symbols": "^1.0.3" } }, ""],

    "hasown": ["hasown@2.0.2", "", { "dependencies": { "function-bind": "^1.1.2" } }, ""],

    "hono": ["hono@4.7.7", "", {}, ""],

    "http-errors": ["http-errors@2.0.0", "", { "dependencies": { "depd": "2.0.0", "inherits": "2.0.4", "setprototypeof": "1.2.0", "statuses": "2.0.1", "toidentifier": "1.0.1" } }, ""],

    "humanize-ms": ["humanize-ms@1.2.1", "", { "dependencies": { "ms": "^2.0.0" } }, "sha512-Fl70vYtsAFb/C06PTS9dZBo7ihau+Tu/DNCk/OyHhea07S+aeMWpFFkUaXRa8fI+ScZbEI8dfSxwY7gxZ9SAVQ=="],

    "iconv-lite": ["iconv-lite@0.6.3", "", { "dependencies": { "safer-buffer": ">= 2.1.2 < 3.0.0" } }, ""],

    "ieee754": ["ieee754@1.1.13", "", {}, ""],

    "immediate": ["immediate@3.0.6", "", {}, "sha512-XXOFtyqDjNDAQxVfYxuF7g9Il/IbWmmlQg2MYKOH8ExIT1qg6xc4zyS3HaEEATgs1btfzxq15ciUiY7gjSXRGQ=="],

    "inherits": ["inherits@2.0.4", "", {}, ""],

    "ipaddr.js": ["ipaddr.js@1.9.1", "", {}, ""],

    "is-arguments": ["is-arguments@1.2.0", "", { "dependencies": { "call-bound": "^1.0.2", "has-tostringtag": "^1.0.2" } }, ""],

    "is-callable": ["is-callable@1.2.7", "", {}, ""],

    "is-generator-function": ["is-generator-function@1.1.0", "", { "dependencies": { "call-bound": "^1.0.3", "get-proto": "^1.0.0", "has-tostringtag": "^1.0.2", "safe-regex-test": "^1.1.0" } }, ""],

    "is-promise": ["is-promise@4.0.0", "", {}, ""],

    "is-regex": ["is-regex@1.2.1", "", { "dependencies": { "call-bound": "^1.0.2", "gopd": "^1.2.0", "has-tostringtag": "^1.0.2", "hasown": "^2.0.2" } }, ""],

    "is-typed-array": ["is-typed-array@1.1.15", "", { "dependencies": { "which-typed-array": "^1.1.16" } }, ""],

    "isarray": ["isarray@1.0.0", "", {}, ""],

    "isexe": ["isexe@2.0.0", "", {}, "sha512-RHxMLp9lnKHGHRng9QFhRCMbYAcVpn69smSGcq3f36xjgVVWThj4qqLbTLlq7Ssj8B+fIQ1EuCEGI2lKsyQeIw=="],

    "jmespath": ["jmespath@0.16.0", "", {}, ""],

    "jose": ["jose@5.2.3", "", {}, ""],

    "jszip": ["jszip@3.10.1", "", { "dependencies": { "lie": "~3.3.0", "pako": "~1.0.2", "readable-stream": "~2.3.6", "setimmediate": "^1.0.5" } }, "sha512-xXDvecyTpGLrqFrvkrUSoxxfJI5AH7U8zxxtVclpsUtMCq4JQ290LY8AW5c7Ggnr/Y/oK+bQMbqK2qmtk3pN4g=="],

    "lie": ["lie@3.3.0", "", { "dependencies": { "immediate": "~3.0.5" } }, "sha512-UaiMJzeWRlEujzAuw5LokY1L5ecNQYZKfmyZ9L7wDHb/p5etKaxXhohBcrw0EYby+G/NA52vRSN4N39dxHAIwQ=="],

    "lru-cache": ["lru-cache@6.0.0", "", { "dependencies": { "yallist": "^4.0.0" } }, ""],

    "math-intrinsics": ["math-intrinsics@1.1.0", "", {}, ""],

    "media-typer": ["media-typer@1.1.0", "", {}, ""],

    "merge-descriptors": ["merge-descriptors@2.0.0", "", {}, ""],

    "mime-db": ["mime-db@1.54.0", "", {}, ""],

    "mime-types": ["mime-types@3.0.1", "", { "dependencies": { "mime-db": "^1.54.0" } }, ""],

    "ms": ["ms@2.1.3", "", {}, ""],

    "negotiator": ["negotiator@1.0.0", "", {}, ""],

    "node-domexception": ["node-domexception@1.0.0", "", {}, "sha512-/jKZoMpw0F8GRwl4/eLROPA3cfcXtLApP0QzLmUT/HuPCZWyB7IY9ZrMeKw2O/nFIqPQB3PVM9aYm0F312AXDQ=="],

    "node-fetch": ["node-fetch@2.7.0", "", { "dependencies": { "whatwg-url": "^5.0.0" }, "peerDependencies": { "encoding": "^0.1.0" }, "optionalPeers": ["encoding"] }, "sha512-c4FRfUm/dbcWZ7U+1Wq0AwCyFL+3nt2bEw05wfxSz+DWpWsitgmSgYmy2dQdWyKC1694ELPqMs/YzUSNozLt8A=="],

    "object-assign": ["object-assign@4.1.1", "", {}, ""],

    "object-hash": ["object-hash@2.2.0", "", {}, ""],

    "object-inspect": ["object-inspect@1.13.4", "", {}, ""],

    "oidc-token-hash": ["oidc-token-hash@5.1.0", "", {}, ""],

    "on-finished": ["on-finished@2.4.1", "", { "dependencies": { "ee-first": "1.1.1" } }, ""],

    "once": ["once@1.4.0", "", { "dependencies": { "wrappy": "1" } }, ""],

    "opencontrol": ["opencontrol@0.0.6", "", { "dependencies": { "@modelcontextprotocol/sdk": "1.6.1", "@tsconfig/bun": "1.0.7", "hono": "4.7.4", "zod": "3.24.2", "zod-to-json-schema": "3.24.3" }, "bin": "bin/index.mjs" }, ""],

    "openid-client": ["openid-client@5.6.4", "", { "dependencies": { "jose": "^4.15.4", "lru-cache": "^6.0.0", "object-hash": "^2.2.0", "oidc-token-hash": "^5.0.3" } }, ""],

    "pako": ["pako@1.0.11", "", {}, "sha512-4hLB8Py4zZce5s4yd9XzopqwVv/yGNhV1Bl8NTmCq1763HeK2+EwVTv+leGeL13Dnh2wfbqowVPXCIO0z4taYw=="],

    "parseurl": ["parseurl@1.3.3", "", {}, ""],

    "path-key": ["path-key@3.1.1", "", {}, "sha512-ojmeN0qd+y0jszEtoY48r0Peq5dwMEkIlCOu6Q5f41lfkswXuKtYrhgoTpLnyIcHm24Uhqx+5Tqm2InSwLhE6Q=="],

    "path-to-regexp": ["path-to-regexp@8.2.0", "", {}, ""],

    "pkce-challenge": ["pkce-challenge@5.0.0", "", {}, "sha512-ueGLflrrnvwB3xuo/uGob5pd5FN7l0MsLf0Z87o/UQmRtwjvfylfc9MurIxRAWywCYTgrvpXBcqjV4OfCYGCIQ=="],

    "possible-typed-array-names": ["possible-typed-array-names@1.1.0", "", {}, ""],

    "process-nextick-args": ["process-nextick-args@2.0.1", "", {}, "sha512-3ouUOpQhtgrbOa17J7+uxOTpITYWaGP7/AhoR3+A+/1e9skrzelGi/dXzEYyvbxubEF6Wn2ypscTKiKJFFn1ag=="],

    "proxy-addr": ["proxy-addr@2.0.7", "", { "dependencies": { "forwarded": "0.2.0", "ipaddr.js": "1.9.1" } }, ""],

    "punycode": ["punycode@1.3.2", "", {}, ""],

    "qs": ["qs@6.14.0", "", { "dependencies": { "side-channel": "^1.1.0" } }, ""],

    "querystring": ["querystring@0.2.0", "", {}, ""],

    "range-parser": ["range-parser@1.2.1", "", {}, ""],

    "raw-body": ["raw-body@3.0.0", "", { "dependencies": { "bytes": "3.1.2", "http-errors": "2.0.0", "iconv-lite": "0.6.3", "unpipe": "1.0.0" } }, ""],

    "readable-stream": ["readable-stream@2.3.8", "", { "dependencies": { "core-util-is": "~1.0.0", "inherits": "~2.0.3", "isarray": "~1.0.0", "process-nextick-args": "~2.0.0", "safe-buffer": "~5.1.1", "string_decoder": "~1.1.1", "util-deprecate": "~1.0.1" } }, "sha512-8p0AUk4XODgIewSi0l8Epjs+EVnWiK7NoDIEGU0HhE7+ZyY8D1IMY7odu5lRrFXGg71L15KG8QrPmum45RTtdA=="],

    "router": ["router@2.2.0", "", { "dependencies": { "debug": "^4.4.0", "depd": "^2.0.0", "is-promise": "^4.0.0", "parseurl": "^1.3.3", "path-to-regexp": "^8.0.0" } }, ""],

    "safe-buffer": ["safe-buffer@5.1.2", "", {}, "sha512-Gd2UZBJDkXlY7GbJxfsE8/nvKkUEU1G38c1siN6QP6a9PT9MmHB8GnpscSmMJSoF8LOIrt8ud/wPtojys4G6+g=="],

    "safe-regex-test": ["safe-regex-test@1.1.0", "", { "dependencies": { "call-bound": "^1.0.2", "es-errors": "^1.3.0", "is-regex": "^1.2.1" } }, ""],

    "safer-buffer": ["safer-buffer@2.1.2", "", {}, ""],

    "sax": ["sax@1.2.1", "", {}, ""],

    "send": ["send@1.2.0", "", { "dependencies": { "debug": "^4.3.5", "encodeurl": "^2.0.0", "escape-html": "^1.0.3", "etag": "^1.8.1", "fresh": "^2.0.0", "http-errors": "^2.0.0", "mime-types": "^3.0.1", "ms": "^2.1.3", "on-finished": "^2.4.1", "range-parser": "^1.2.1", "statuses": "^2.0.1" } }, ""],

    "serve-static": ["serve-static@2.2.0", "", { "dependencies": { "encodeurl": "^2.0.0", "escape-html": "^1.0.3", "parseurl": "^1.3.3", "send": "^1.2.0" } }, ""],

    "set-function-length": ["set-function-length@1.2.2", "", { "dependencies": { "define-data-property": "^1.1.4", "es-errors": "^1.3.0", "function-bind": "^1.1.2", "get-intrinsic": "^1.2.4", "gopd": "^1.0.1", "has-property-descriptors": "^1.0.2" } }, ""],

    "setimmediate": ["setimmediate@1.0.5", "", {}, "sha512-MATJdZp8sLqDl/68LfQmbP8zKPLQNV6BIZoIgrscFDQ+RsvK/BxeDQOgyxKKoh0y/8h3BqVFnCqQ/gd+reiIXA=="],

    "setprototypeof": ["setprototypeof@1.2.0", "", {}, ""],

    "shebang-command": ["shebang-command@2.0.0", "", { "dependencies": { "shebang-regex": "^3.0.0" } }, "sha512-kHxr2zZpYtdmrN1qDjrrX/Z1rR1kG8Dx+gkpK1G4eXmvXswmcE1hTWBWYUzlraYw1/yZp6YuDY77YtvbN0dmDA=="],

    "shebang-regex": ["shebang-regex@3.0.0", "", {}, "sha512-7++dFhtcx3353uBaq8DDR4NuxBetBzC7ZQOhmTQInHEd6bSrXdiEyzCvG07Z44UYdLShWUyXt5M/yhz8ekcb1A=="],

    "side-channel": ["side-channel@1.1.0", "", { "dependencies": { "es-errors": "^1.3.0", "object-inspect": "^1.13.3", "side-channel-list": "^1.0.0", "side-channel-map": "^1.0.1", "side-channel-weakmap": "^1.0.2" } }, ""],

    "side-channel-list": ["side-channel-list@1.0.0", "", { "dependencies": { "es-errors": "^1.3.0", "object-inspect": "^1.13.3" } }, ""],

    "side-channel-map": ["side-channel-map@1.0.1", "", { "dependencies": { "call-bound": "^1.0.2", "es-errors": "^1.3.0", "get-intrinsic": "^1.2.5", "object-inspect": "^1.13.3" } }, ""],

    "side-channel-weakmap": ["side-channel-weakmap@1.0.2", "", { "dependencies": { "call-bound": "^1.0.2", "es-errors": "^1.3.0", "get-intrinsic": "^1.2.5", "object-inspect": "^1.13.3", "side-channel-map": "^1.0.1" } }, ""],

    "sst": ["sst@3.13.17", "", { "dependencies": { "aws-sdk": "2.1692.0", "aws4fetch": "1.0.18", "jose": "5.2.3", "opencontrol": "0.0.6", "openid-client": "5.6.4" }, "optionalDependencies": { "sst-darwin-arm64": "3.13.17" }, "bin": "bin/sst.mjs" }, ""],

    "sst-darwin-arm64": ["sst-darwin-arm64@3.13.17", "", { "os": "darwin", "cpu": "arm64" }, ""],

    "statuses": ["statuses@2.0.1", "", {}, ""],

    "string_decoder": ["string_decoder@1.1.1", "", { "dependencies": { "safe-buffer": "~5.1.0" } }, "sha512-n/ShnvDi6FHbbVfviro+WojiFzv+s8MPMHBczVePfUpDJLwoLT0ht1l4YwBCbi8pJAveEEdnkHyPyTP/mzRfwg=="],

    "toidentifier": ["toidentifier@1.0.1", "", {}, ""],

    "tr46": ["tr46@0.0.3", "", {}, "sha512-N3WMsuqV66lT30CrXNbEjx4GEwlow3v6rr4mCcv6prnfwhS01rkgyFdjPNBYd9br7LpXV1+Emh01fHnq2Gdgrw=="],

    "type-is": ["type-is@2.0.1", "", { "dependencies": { "content-type": "^1.0.5", "media-typer": "^1.1.0", "mime-types": "^3.0.0" } }, ""],

    "typescript": ["typescript@5.8.3", "", { "bin": { "tsc": "bin/tsc", "tsserver": "bin/tsserver" } }, ""],

    "undici-types": ["undici-types@6.21.0", "", {}, ""],

    "unpipe": ["unpipe@1.0.0", "", {}, ""],

    "url": ["url@0.10.3", "", { "dependencies": { "punycode": "1.3.2", "querystring": "0.2.0" } }, ""],

    "util": ["util@0.12.5", "", { "dependencies": { "inherits": "^2.0.3", "is-arguments": "^1.0.4", "is-generator-function": "^1.0.7", "is-typed-array": "^1.1.3", "which-typed-array": "^1.1.2" } }, ""],

    "util-deprecate": ["util-deprecate@1.0.2", "", {}, "sha512-EPD5q1uXyFxJpCrLnCc1nHnq3gOa6DZBocAIiI2TaSCA7VCJ1UJDMagCzIkXNsUYfD1daK//LTEQ8xiIbrHtcw=="],

    "uuid": ["uuid@11.1.0", "", { "bin": { "uuid": "dist/esm/bin/uuid" } }, "sha512-0/A9rDy9P7cJ+8w1c9WD9V//9Wj15Ce2MPz8Ri6032usz+NfePxx5AcN3bN+r6ZL6jEo066/yNYB3tn4pQEx+A=="],

    "vary": ["vary@1.1.2", "", {}, ""],

    "web-streams-polyfill": ["web-streams-polyfill@4.0.0-beta.3", "", {}, "sha512-QW95TCTaHmsYfHDybGMwO5IJIM93I/6vTRk+daHTWFPhwh+C8Cg7j7XyKrwrj8Ib6vYXe0ocYNrmzY4xAAN6ug=="],

    "webidl-conversions": ["webidl-conversions@3.0.1", "", {}, "sha512-2JAn3z8AR6rjK8Sm8orRC0h/bcl/DqL7tRPdGZ4I1CjdF+EaMLmYxBHyXuKL849eucPFhvBoxMsflfOb8kxaeQ=="],

    "whatwg-url": ["whatwg-url@5.0.0", "", { "dependencies": { "tr46": "~0.0.3", "webidl-conversions": "^3.0.0" } }, "sha512-saE57nupxk6v3HY35+jzBwYa0rKSy0XR8JSxZPwgLr7ys0IBzhGviA1/TUGJLmSVqs8pb9AnvICXEuOHLprYTw=="],

    "which": ["which@2.0.2", "", { "dependencies": { "isexe": "^2.0.0" }, "bin": { "node-which": "./bin/node-which" } }, "sha512-BLI3Tl1TW3Pvl70l3yq3Y64i+awpwXqsGBYWkkqMtnbXgrMD+yj7rhW0kuEDxzJaYXGjEW5ogapKNMEKNMjibA=="],

    "which-typed-array": ["which-typed-array@1.1.19", "", { "dependencies": { "available-typed-arrays": "^1.0.7", "call-bind": "^1.0.8", "call-bound": "^1.0.4", "for-each": "^0.3.5", "get-proto": "^1.0.1", "gopd": "^1.2.0", "has-tostringtag": "^1.0.2" } }, ""],

    "wrappy": ["wrappy@1.0.2", "", {}, ""],

    "xml2js": ["xml2js@0.6.2", "", { "dependencies": { "sax": ">=0.6.0", "xmlbuilder": "~11.0.0" } }, ""],

    "xmlbuilder": ["xmlbuilder@11.0.1", "", {}, ""],

    "yallist": ["yallist@4.0.0", "", {}, ""],

    "zod": ["zod@3.24.2", "", {}, ""],

    "zod-to-json-schema": ["zod-to-json-schema@3.24.3", "", { "peerDependencies": { "zod": "^3.24.1" } }, ""],

    "aws-sdk/uuid": ["uuid@8.0.0", "", { "bin": "dist/bin/uuid" }, ""],

    "cloudflare/@types/node": ["@types/node@18.19.86", "", { "dependencies": { "undici-types": "~5.26.4" } }, "sha512-fifKayi175wLyKyc5qUfyENhQ1dCNI1UNjp653d8kuYcPQN5JhX3dGuP/XmvPTg/xRBn1VTLpbmi+H/Mr7tLfQ=="],

    "content-disposition/safe-buffer": ["safe-buffer@5.2.1", "", {}, ""],

    "form-data/mime-types": ["mime-types@2.1.35", "", { "dependencies": { "mime-db": "1.52.0" } }, "sha512-ZDY+bPm5zTTF+YpCrAU9nK0UgICYPT0QtT1NZWFv4s++TNkcgVaT0g6+4R2uI4MjQjzysHB1zxuWL50hzaeXiw=="],

    "opencontrol/@modelcontextprotocol/sdk": ["@modelcontextprotocol/sdk@1.6.1", "", { "dependencies": { "content-type": "^1.0.5", "cors": "^2.8.5", "eventsource": "^3.0.2", "express": "^5.0.1", "express-rate-limit": "^7.5.0", "pkce-challenge": "^4.1.0", "raw-body": "^3.0.0", "zod": "^3.23.8", "zod-to-json-schema": "^3.24.1" } }, ""],

    "opencontrol/hono": ["hono@4.7.4", "", {}, ""],

    "openid-client/jose": ["jose@4.15.9", "", {}, ""],

    "cloudflare/@types/node/undici-types": ["undici-types@5.26.5", "", {}, "sha512-JlCMO+ehdEIKqlFxk6IfVoAUVmgz7cU7zD/h9XZ0qzeosSHmUJVOzSQvvYSYWXkFXC+IfLKSIffhv0sVZup6pA=="],

    "form-data/mime-types/mime-db": ["mime-db@1.52.0", "", {}, "sha512-sPU4uV7dYlvtWJxwwxHD0PuihVNiE7TyAbQ5SWxDCB9mUYvOgroQOwYQQOKPJ8CIbE+1ETVlOoK1UC2nU3gYvg=="],

    "opencontrol/@modelcontextprotocol/sdk/pkce-challenge": ["pkce-challenge@4.1.0", "", {}, ""],
  }
}
